
Microsoft Visual Studio Solution File, Format Version 12.00
# Visual Studio Version 16
VisualStudioVersion = 16.0.29519.181
MinimumVisualStudioVersion = 10.0.40219.1
Project("{FAE04EC0-301F-11D3-BF4B-00C04F79EFBC}") = "CS20483.Tipos", "CS20483.Tipos\CS20483.Tipos.csproj", "{002D5B44-332B-4348-9E6D-791EE19D39B6}"
EndProject
Project("{FAE04EC0-301F-11D3-BF4B-00C04F79EFBC}") = "CS20483.ConsoleApp", "CS20483.ConsoleApp\CS20483.ConsoleApp.csproj", "{F508A0B9-B059-4BEB-B651-DF8111055299}"
EndProject
Project("{9A19103F-16F7-4668-BE54-9A1E7A4F7556}") = "CS20483.Aula2", "CS20483.Aula2\CS20483.Aula2.csproj", "{755BB3FB-70BD-4903-8F83-0383A5B41347}"
EndProject
Project("{2150E333-8FDC-42A3-9474-1A3956D46DE8}") = "Modulo1", "Modulo1", "{6ED13803-DEC0-4E61-B29B-83C28DA6A2B5}"
EndProject
Project("{2150E333-8FDC-42A3-9474-1A3956D46DE8}") = "Modulo2", "Modulo2", "{7EC143C2-3B3A-46D5-B582-125461B6C786}"
EndProject
Project("{2150E333-8FDC-42A3-9474-1A3956D46DE8}") = "Modulo3", "Modulo3", "{0BC8FD00-9759-4396-8AC2-0605CE47C3E3}"
EndProject
Project("{2150E333-8FDC-42A3-9474-1A3956D46DE8}") = "Modulo4", "Modulo4", "{F81BA14E-904E-4A50-B5D0-4D4B67595B03}"
EndProject
Project("{2150E333-8FDC-42A3-9474-1A3956D46DE8}") = "Modulo5", "Modulo5", "{4AE0B4D4-F73B-48DF-BDFD-8BD557A04EFD}"
EndProject
Project("{2150E333-8FDC-42A3-9474-1A3956D46DE8}") = "Modulo6", "Modulo6", "{726F2FA6-A22D-4F5B-9917-A0AA7442914B}"
EndProject
Project("{FAE04EC0-301F-11D3-BF4B-00C04F79EFBC}") = "CS20483.Modulo1.Aula1", "CS20483.Modulo1.Aula1\CS20483.Modulo1.Aula1.csproj", "{6C9F9AE3-7CEE-4EE3-9477-A8FFE40AA78B}"
EndProject
Project("{FAE04EC0-301F-11D3-BF4B-00C04F79EFBC}") = "CS20483.Modulo1.Aula2", "CS20483.Modulo1.Aula2\CS20483.Modulo1.Aula2.csproj", "{0C0B8BB8-59C9-4F76-B774-17B73B02F6CC}"
EndProject
Project("{FAE04EC0-301F-11D3-BF4B-00C04F79EFBC}") = "CS20483.Modulo1.Aula3", "CS20483.Modulo1.Aula3\CS20483.Modulo1.Aula3.csproj", "{82876BDC-3042-47AB-890B-8C6FD9DA31EB}"
EndProject
Project("{FAE04EC0-301F-11D3-BF4B-00C04F79EFBC}") = "CS20483.Modulo1.Aula4", "CS20483.Modulo1.Aula4\CS20483.Modulo1.Aula4.csproj", "{22356E27-5C32-43B0-A28F-AB8C83C99866}"
EndProject
Project("{FAE04EC0-301F-11D3-BF4B-00C04F79EFBC}") = "CS20483.Modulo1.Aula5", "CS20483.Modulo1.Aula5\CS20483.Modulo1.Aula5.csproj", "{78C1B81F-48F1-4FB7-A5B1-0AA471301C32}"
EndProject
Project("{FAE04EC0-301F-11D3-BF4B-00C04F79EFBC}") = "CS20483.Modulo1.Aula6", "CS20483.Modulo1.Aula6\CS20483.Modulo1.Aula6.csproj", "{09E5BCB5-F29D-4D9F-98DF-A6EDB364B156}"
EndProject
Project("{FAE04EC0-301F-11D3-BF4B-00C04F79EFBC}") = "CS20483.Modulo1.Aula7", "CS20483.Modulo1.Aula7\CS20483.Modulo1.Aula7.csproj", "{8014BAED-D8EB-4A6D-9D7B-CBCB35126648}"
EndProject
Project("{FAE04EC0-301F-11D3-BF4B-00C04F79EFBC}") = "CS20483.Modulo1.Aula8", "CS20483.Modulo1.Aula8\CS20483.Modulo1.Aula8.csproj", "{79E76019-8456-42E4-9DB7-F18C08170012}"
EndProject
Project("{FAE04EC0-301F-11D3-BF4B-00C04F79EFBC}") = "CS20483.Modulo1.Aula09", "CS20483.Modulo1.Aula9\CS20483.Modulo1.Aula09.csproj", "{B5A83E45-60A9-4120-BA57-E8B453E8DD02}"
EndProject
Project("{FAE04EC0-301F-11D3-BF4B-00C04F79EFBC}") = "CS20483.Modulo1.Aula10", "CS20483.Modulo1.Aula10\CS20483.Modulo1.Aula10.csproj", "{2054EA3C-9116-4D94-BF32-1FEEDEC7CCDB}"
EndProject
Project("{FAE04EC0-301F-11D3-BF4B-00C04F79EFBC}") = "CS20483.Modulo1.Aula11", "CS20483.Modulo1.Aula11\CS20483.Modulo1.Aula11.csproj", "{1B03FF5F-9C70-4957-86F1-8B317F2D9745}"
EndProject
Project("{FAE04EC0-301F-11D3-BF4B-00C04F79EFBC}") = "CS20483.Modulo1.Aula12", "CS20483.Modulo1.Aula12\CS20483.Modulo1.Aula12.csproj", "{800C82A5-21DA-4418-B31C-2AA8E7FE3BF2}"
EndProject
Project("{FAE04EC0-301F-11D3-BF4B-00C04F79EFBC}") = "CS20483.Modulo1.Aula13", "CS20483.Modulo1.Aula13\CS20483.Modulo1.Aula13.csproj", "{2B3D70C1-955F-492F-9789-2DA41D2F70D6}"
EndProject
Project("{FAE04EC0-301F-11D3-BF4B-00C04F79EFBC}") = "CS20483.Modulo1.Aula14", "CS20483.Modulo1.Aula14\CS20483.Modulo1.Aula14.csproj", "{0AB0D047-87AC-4071-9B82-C93060DCCC72}"
EndProject
Project("{FAE04EC0-301F-11D3-BF4B-00C04F79EFBC}") = "CS20483.Modulo1.Aula15", "CS20483.Modulo1.Aula15\CS20483.Modulo1.Aula15.csproj", "{501FAB82-CB7C-43D2-BC0F-6EFB2CE9E8ED}"
EndProject
Project("{FAE04EC0-301F-11D3-BF4B-00C04F79EFBC}") = "CS20483.Modulo1.Aula16", "CS20483.Modulo1.Aula16\CS20483.Modulo1.Aula16.csproj", "{AB93490C-9489-415A-9EA5-A35B1B5D0E1A}"
EndProject
Project("{FAE04EC0-301F-11D3-BF4B-00C04F79EFBC}") = "CS20483.Modulo1.Aula17", "CS20483.Modulo1.Aula17\CS20483.Modulo1.Aula17.csproj", "{D365609E-BE6F-4630-8337-2021038816EE}"
EndProject
Project("{FAE04EC0-301F-11D3-BF4B-00C04F79EFBC}") = "CS20483.Modulo1.Aula18", "CS20483.Modulo1.Aula18\CS20483.Modulo1.Aula18.csproj", "{19DB0021-2EB9-44F7-B2AE-60A2665FCB84}"
EndProject
Project("{FAE04EC0-301F-11D3-BF4B-00C04F79EFBC}") = "CS20483.Modulo1.Aula19", "CS20483.Modulo1.Aula19\CS20483.Modulo1.Aula19.csproj", "{D962AE01-7BF3-44F8-B373-7356CB8FD42A}"
EndProject
Project("{FAE04EC0-301F-11D3-BF4B-00C04F79EFBC}") = "CS20483.Modulo1.Aula20", "CS20483.Modulo1.Aula20\CS20483.Modulo1.Aula20.csproj", "{F87A68EF-4C92-4B79-B205-B7D049EDC58C}"
EndProject
Project("{FAE04EC0-301F-11D3-BF4B-00C04F79EFBC}") = "CS20483.Modulo1.Aula21", "CS20483.Modulo1.Aula21\CS20483.Modulo1.Aula21.csproj", "{549F6803-57A3-48C0-AED5-37A7D642FDBD}"
EndProject
Project("{FAE04EC0-301F-11D3-BF4B-00C04F79EFBC}") = "CS20483.Modulo1.Aula22", "CS20483.Modulo1.Aula22\CS20483.Modulo1.Aula22.csproj", "{F0B2F1BC-2A28-4725-8A6D-9D773039298F}"
EndProject
Project("{FAE04EC0-301F-11D3-BF4B-00C04F79EFBC}") = "CS20483.Modulo1.Aula23", "CS20483.Modulo1.Aula23\CS20483.Modulo1.Aula23.csproj", "{1C7178DD-E4F8-4AA9-9074-CAFB84DCD926}"
EndProject
Project("{FAE04EC0-301F-11D3-BF4B-00C04F79EFBC}") = "CS20483.Modulo1.Aula24", "CS20483.Modulo1.Aula24\CS20483.Modulo1.Aula24.csproj", "{360AF36F-C8E8-445B-B89B-E8576FC99173}"
EndProject
Global
	GlobalSection(SolutionConfigurationPlatforms) = preSolution
		Debug|Any CPU = Debug|Any CPU
		Release|Any CPU = Release|Any CPU
	EndGlobalSection
	GlobalSection(ProjectConfigurationPlatforms) = postSolution
		{002D5B44-332B-4348-9E6D-791EE19D39B6}.Debug|Any CPU.ActiveCfg = Debug|Any CPU
		{002D5B44-332B-4348-9E6D-791EE19D39B6}.Debug|Any CPU.Build.0 = Debug|Any CPU
		{002D5B44-332B-4348-9E6D-791EE19D39B6}.Release|Any CPU.ActiveCfg = Release|Any CPU
		{002D5B44-332B-4348-9E6D-791EE19D39B6}.Release|Any CPU.Build.0 = Release|Any CPU
		{F508A0B9-B059-4BEB-B651-DF8111055299}.Debug|Any CPU.ActiveCfg = Debug|Any CPU
		{F508A0B9-B059-4BEB-B651-DF8111055299}.Debug|Any CPU.Build.0 = Debug|Any CPU
		{F508A0B9-B059-4BEB-B651-DF8111055299}.Release|Any CPU.ActiveCfg = Release|Any CPU
		{F508A0B9-B059-4BEB-B651-DF8111055299}.Release|Any CPU.Build.0 = Release|Any CPU
		{755BB3FB-70BD-4903-8F83-0383A5B41347}.Debug|Any CPU.ActiveCfg = Debug|Any CPU
		{755BB3FB-70BD-4903-8F83-0383A5B41347}.Debug|Any CPU.Build.0 = Debug|Any CPU
		{755BB3FB-70BD-4903-8F83-0383A5B41347}.Release|Any CPU.ActiveCfg = Release|Any CPU
		{755BB3FB-70BD-4903-8F83-0383A5B41347}.Release|Any CPU.Build.0 = Release|Any CPU
		{6C9F9AE3-7CEE-4EE3-9477-A8FFE40AA78B}.Debug|Any CPU.ActiveCfg = Debug|Any CPU
		{6C9F9AE3-7CEE-4EE3-9477-A8FFE40AA78B}.Debug|Any CPU.Build.0 = Debug|Any CPU
		{6C9F9AE3-7CEE-4EE3-9477-A8FFE40AA78B}.Release|Any CPU.ActiveCfg = Release|Any CPU
		{6C9F9AE3-7CEE-4EE3-9477-A8FFE40AA78B}.Release|Any CPU.Build.0 = Release|Any CPU
		{0C0B8BB8-59C9-4F76-B774-17B73B02F6CC}.Debug|Any CPU.ActiveCfg = Debug|Any CPU
		{0C0B8BB8-59C9-4F76-B774-17B73B02F6CC}.Debug|Any CPU.Build.0 = Debug|Any CPU
		{0C0B8BB8-59C9-4F76-B774-17B73B02F6CC}.Release|Any CPU.ActiveCfg = Release|Any CPU
		{0C0B8BB8-59C9-4F76-B774-17B73B02F6CC}.Release|Any CPU.Build.0 = Release|Any CPU
		{82876BDC-3042-47AB-890B-8C6FD9DA31EB}.Debug|Any CPU.ActiveCfg = Debug|Any CPU
		{82876BDC-3042-47AB-890B-8C6FD9DA31EB}.Debug|Any CPU.Build.0 = Debug|Any CPU
		{82876BDC-3042-47AB-890B-8C6FD9DA31EB}.Release|Any CPU.ActiveCfg = Release|Any CPU
		{82876BDC-3042-47AB-890B-8C6FD9DA31EB}.Release|Any CPU.Build.0 = Release|Any CPU
		{22356E27-5C32-43B0-A28F-AB8C83C99866}.Debug|Any CPU.ActiveCfg = Debug|Any CPU
		{22356E27-5C32-43B0-A28F-AB8C83C99866}.Debug|Any CPU.Build.0 = Debug|Any CPU
		{22356E27-5C32-43B0-A28F-AB8C83C99866}.Release|Any CPU.ActiveCfg = Release|Any CPU
		{22356E27-5C32-43B0-A28F-AB8C83C99866}.Release|Any CPU.Build.0 = Release|Any CPU
		{78C1B81F-48F1-4FB7-A5B1-0AA471301C32}.Debug|Any CPU.ActiveCfg = Debug|Any CPU
		{78C1B81F-48F1-4FB7-A5B1-0AA471301C32}.Debug|Any CPU.Build.0 = Debug|Any CPU
		{78C1B81F-48F1-4FB7-A5B1-0AA471301C32}.Release|Any CPU.ActiveCfg = Release|Any CPU
		{78C1B81F-48F1-4FB7-A5B1-0AA471301C32}.Release|Any CPU.Build.0 = Release|Any CPU
		{09E5BCB5-F29D-4D9F-98DF-A6EDB364B156}.Debug|Any CPU.ActiveCfg = Debug|Any CPU
		{09E5BCB5-F29D-4D9F-98DF-A6EDB364B156}.Debug|Any CPU.Build.0 = Debug|Any CPU
		{09E5BCB5-F29D-4D9F-98DF-A6EDB364B156}.Release|Any CPU.ActiveCfg = Release|Any CPU
		{09E5BCB5-F29D-4D9F-98DF-A6EDB364B156}.Release|Any CPU.Build.0 = Release|Any CPU
		{8014BAED-D8EB-4A6D-9D7B-CBCB35126648}.Debug|Any CPU.ActiveCfg = Debug|Any CPU
		{8014BAED-D8EB-4A6D-9D7B-CBCB35126648}.Debug|Any CPU.Build.0 = Debug|Any CPU
		{8014BAED-D8EB-4A6D-9D7B-CBCB35126648}.Release|Any CPU.ActiveCfg = Release|Any CPU
		{8014BAED-D8EB-4A6D-9D7B-CBCB35126648}.Release|Any CPU.Build.0 = Release|Any CPU
		{79E76019-8456-42E4-9DB7-F18C08170012}.Debug|Any CPU.ActiveCfg = Debug|Any CPU
		{79E76019-8456-42E4-9DB7-F18C08170012}.Debug|Any CPU.Build.0 = Debug|Any CPU
		{79E76019-8456-42E4-9DB7-F18C08170012}.Release|Any CPU.ActiveCfg = Release|Any CPU
		{79E76019-8456-42E4-9DB7-F18C08170012}.Release|Any CPU.Build.0 = Release|Any CPU
		{B5A83E45-60A9-4120-BA57-E8B453E8DD02}.Debug|Any CPU.ActiveCfg = Debug|Any CPU
		{B5A83E45-60A9-4120-BA57-E8B453E8DD02}.Debug|Any CPU.Build.0 = Debug|Any CPU
		{B5A83E45-60A9-4120-BA57-E8B453E8DD02}.Release|Any CPU.ActiveCfg = Release|Any CPU
		{B5A83E45-60A9-4120-BA57-E8B453E8DD02}.Release|Any CPU.Build.0 = Release|Any CPU
		{2054EA3C-9116-4D94-BF32-1FEEDEC7CCDB}.Debug|Any CPU.ActiveCfg = Debug|Any CPU
		{2054EA3C-9116-4D94-BF32-1FEEDEC7CCDB}.Debug|Any CPU.Build.0 = Debug|Any CPU
		{2054EA3C-9116-4D94-BF32-1FEEDEC7CCDB}.Release|Any CPU.ActiveCfg = Release|Any CPU
		{2054EA3C-9116-4D94-BF32-1FEEDEC7CCDB}.Release|Any CPU.Build.0 = Release|Any CPU
		{1B03FF5F-9C70-4957-86F1-8B317F2D9745}.Debug|Any CPU.ActiveCfg = Debug|Any CPU
		{1B03FF5F-9C70-4957-86F1-8B317F2D9745}.Debug|Any CPU.Build.0 = Debug|Any CPU
		{1B03FF5F-9C70-4957-86F1-8B317F2D9745}.Release|Any CPU.ActiveCfg = Release|Any CPU
		{1B03FF5F-9C70-4957-86F1-8B317F2D9745}.Release|Any CPU.Build.0 = Release|Any CPU
		{800C82A5-21DA-4418-B31C-2AA8E7FE3BF2}.Debug|Any CPU.ActiveCfg = Debug|Any CPU
		{800C82A5-21DA-4418-B31C-2AA8E7FE3BF2}.Debug|Any CPU.Build.0 = Debug|Any CPU
		{800C82A5-21DA-4418-B31C-2AA8E7FE3BF2}.Release|Any CPU.ActiveCfg = Release|Any CPU
		{800C82A5-21DA-4418-B31C-2AA8E7FE3BF2}.Release|Any CPU.Build.0 = Release|Any CPU
		{2B3D70C1-955F-492F-9789-2DA41D2F70D6}.Debug|Any CPU.ActiveCfg = Debug|Any CPU
		{2B3D70C1-955F-492F-9789-2DA41D2F70D6}.Debug|Any CPU.Build.0 = Debug|Any CPU
		{2B3D70C1-955F-492F-9789-2DA41D2F70D6}.Release|Any CPU.ActiveCfg = Release|Any CPU
		{2B3D70C1-955F-492F-9789-2DA41D2F70D6}.Release|Any CPU.Build.0 = Release|Any CPU
		{0AB0D047-87AC-4071-9B82-C93060DCCC72}.Debug|Any CPU.ActiveCfg = Debug|Any CPU
		{0AB0D047-87AC-4071-9B82-C93060DCCC72}.Debug|Any CPU.Build.0 = Debug|Any CPU
		{0AB0D047-87AC-4071-9B82-C93060DCCC72}.Release|Any CPU.ActiveCfg = Release|Any CPU
		{0AB0D047-87AC-4071-9B82-C93060DCCC72}.Release|Any CPU.Build.0 = Release|Any CPU
		{501FAB82-CB7C-43D2-BC0F-6EFB2CE9E8ED}.Debug|Any CPU.ActiveCfg = Debug|Any CPU
		{501FAB82-CB7C-43D2-BC0F-6EFB2CE9E8ED}.Debug|Any CPU.Build.0 = Debug|Any CPU
		{501FAB82-CB7C-43D2-BC0F-6EFB2CE9E8ED}.Release|Any CPU.ActiveCfg = Release|Any CPU
		{501FAB82-CB7C-43D2-BC0F-6EFB2CE9E8ED}.Release|Any CPU.Build.0 = Release|Any CPU
		{AB93490C-9489-415A-9EA5-A35B1B5D0E1A}.Debug|Any CPU.ActiveCfg = Debug|Any CPU
		{AB93490C-9489-415A-9EA5-A35B1B5D0E1A}.Debug|Any CPU.Build.0 = Debug|Any CPU
		{AB93490C-9489-415A-9EA5-A35B1B5D0E1A}.Release|Any CPU.ActiveCfg = Release|Any CPU
		{AB93490C-9489-415A-9EA5-A35B1B5D0E1A}.Release|Any CPU.Build.0 = Release|Any CPU
		{D365609E-BE6F-4630-8337-2021038816EE}.Debug|Any CPU.ActiveCfg = Debug|Any CPU
		{D365609E-BE6F-4630-8337-2021038816EE}.Debug|Any CPU.Build.0 = Debug|Any CPU
		{D365609E-BE6F-4630-8337-2021038816EE}.Release|Any CPU.ActiveCfg = Release|Any CPU
		{D365609E-BE6F-4630-8337-2021038816EE}.Release|Any CPU.Build.0 = Release|Any CPU
		{19DB0021-2EB9-44F7-B2AE-60A2665FCB84}.Debug|Any CPU.ActiveCfg = Debug|Any CPU
		{19DB0021-2EB9-44F7-B2AE-60A2665FCB84}.Debug|Any CPU.Build.0 = Debug|Any CPU
		{19DB0021-2EB9-44F7-B2AE-60A2665FCB84}.Release|Any CPU.ActiveCfg = Release|Any CPU
		{19DB0021-2EB9-44F7-B2AE-60A2665FCB84}.Release|Any CPU.Build.0 = Release|Any CPU
		{D962AE01-7BF3-44F8-B373-7356CB8FD42A}.Debug|Any CPU.ActiveCfg = Debug|Any CPU
		{D962AE01-7BF3-44F8-B373-7356CB8FD42A}.Debug|Any CPU.Build.0 = Debug|Any CPU
		{D962AE01-7BF3-44F8-B373-7356CB8FD42A}.Release|Any CPU.ActiveCfg = Release|Any CPU
		{D962AE01-7BF3-44F8-B373-7356CB8FD42A}.Release|Any CPU.Build.0 = Release|Any CPU
		{F87A68EF-4C92-4B79-B205-B7D049EDC58C}.Debug|Any CPU.ActiveCfg = Debug|Any CPU
		{F87A68EF-4C92-4B79-B205-B7D049EDC58C}.Debug|Any CPU.Build.0 = Debug|Any CPU
		{F87A68EF-4C92-4B79-B205-B7D049EDC58C}.Release|Any CPU.ActiveCfg = Release|Any CPU
		{F87A68EF-4C92-4B79-B205-B7D049EDC58C}.Release|Any CPU.Build.0 = Release|Any CPU
		{549F6803-57A3-48C0-AED5-37A7D642FDBD}.Debug|Any CPU.ActiveCfg = Debug|Any CPU
		{549F6803-57A3-48C0-AED5-37A7D642FDBD}.Debug|Any CPU.Build.0 = Debug|Any CPU
		{549F6803-57A3-48C0-AED5-37A7D642FDBD}.Release|Any CPU.ActiveCfg = Release|Any CPU
		{549F6803-57A3-48C0-AED5-37A7D642FDBD}.Release|Any CPU.Build.0 = Release|Any CPU
		{F0B2F1BC-2A28-4725-8A6D-9D773039298F}.Debug|Any CPU.ActiveCfg = Debug|Any CPU
		{F0B2F1BC-2A28-4725-8A6D-9D773039298F}.Debug|Any CPU.Build.0 = Debug|Any CPU
		{F0B2F1BC-2A28-4725-8A6D-9D773039298F}.Release|Any CPU.ActiveCfg = Release|Any CPU
		{F0B2F1BC-2A28-4725-8A6D-9D773039298F}.Release|Any CPU.Build.0 = Release|Any CPU
		{1C7178DD-E4F8-4AA9-9074-CAFB84DCD926}.Debug|Any CPU.ActiveCfg = Debug|Any CPU
		{1C7178DD-E4F8-4AA9-9074-CAFB84DCD926}.Debug|Any CPU.Build.0 = Debug|Any CPU
		{1C7178DD-E4F8-4AA9-9074-CAFB84DCD926}.Release|Any CPU.ActiveCfg = Release|Any CPU
		{1C7178DD-E4F8-4AA9-9074-CAFB84DCD926}.Release|Any CPU.Build.0 = Release|Any CPU
		{360AF36F-C8E8-445B-B89B-E8576FC99173}.Debug|Any CPU.ActiveCfg = Debug|Any CPU
		{360AF36F-C8E8-445B-B89B-E8576FC99173}.Debug|Any CPU.Build.0 = Debug|Any CPU
		{360AF36F-C8E8-445B-B89B-E8576FC99173}.Release|Any CPU.ActiveCfg = Release|Any CPU
		{360AF36F-C8E8-445B-B89B-E8576FC99173}.Release|Any CPU.Build.0 = Release|Any CPU
	EndGlobalSection
	GlobalSection(SolutionProperties) = preSolution
		HideSolutionNode = FALSE
	EndGlobalSection
	GlobalSection(NestedProjects) = preSolution
		{6C9F9AE3-7CEE-4EE3-9477-A8FFE40AA78B} = {6ED13803-DEC0-4E61-B29B-83C28DA6A2B5}
		{0C0B8BB8-59C9-4F76-B774-17B73B02F6CC} = {6ED13803-DEC0-4E61-B29B-83C28DA6A2B5}
		{82876BDC-3042-47AB-890B-8C6FD9DA31EB} = {6ED13803-DEC0-4E61-B29B-83C28DA6A2B5}
		{22356E27-5C32-43B0-A28F-AB8C83C99866} = {6ED13803-DEC0-4E61-B29B-83C28DA6A2B5}
		{78C1B81F-48F1-4FB7-A5B1-0AA471301C32} = {7EC143C2-3B3A-46D5-B582-125461B6C786}
		{09E5BCB5-F29D-4D9F-98DF-A6EDB364B156} = {7EC143C2-3B3A-46D5-B582-125461B6C786}
		{8014BAED-D8EB-4A6D-9D7B-CBCB35126648} = {7EC143C2-3B3A-46D5-B582-125461B6C786}
		{79E76019-8456-42E4-9DB7-F18C08170012} = {7EC143C2-3B3A-46D5-B582-125461B6C786}
		{B5A83E45-60A9-4120-BA57-E8B453E8DD02} = {0BC8FD00-9759-4396-8AC2-0605CE47C3E3}
		{2054EA3C-9116-4D94-BF32-1FEEDEC7CCDB} = {0BC8FD00-9759-4396-8AC2-0605CE47C3E3}
		{1B03FF5F-9C70-4957-86F1-8B317F2D9745} = {0BC8FD00-9759-4396-8AC2-0605CE47C3E3}
		{800C82A5-21DA-4418-B31C-2AA8E7FE3BF2} = {0BC8FD00-9759-4396-8AC2-0605CE47C3E3}
		{2B3D70C1-955F-492F-9789-2DA41D2F70D6} = {F81BA14E-904E-4A50-B5D0-4D4B67595B03}
		{0AB0D047-87AC-4071-9B82-C93060DCCC72} = {F81BA14E-904E-4A50-B5D0-4D4B67595B03}
		{501FAB82-CB7C-43D2-BC0F-6EFB2CE9E8ED} = {F81BA14E-904E-4A50-B5D0-4D4B67595B03}
		{AB93490C-9489-415A-9EA5-A35B1B5D0E1A} = {F81BA14E-904E-4A50-B5D0-4D4B67595B03}
		{D365609E-BE6F-4630-8337-2021038816EE} = {4AE0B4D4-F73B-48DF-BDFD-8BD557A04EFD}
		{19DB0021-2EB9-44F7-B2AE-60A2665FCB84} = {4AE0B4D4-F73B-48DF-BDFD-8BD557A04EFD}
		{D962AE01-7BF3-44F8-B373-7356CB8FD42A} = {4AE0B4D4-F73B-48DF-BDFD-8BD557A04EFD}
		{F87A68EF-4C92-4B79-B205-B7D049EDC58C} = {4AE0B4D4-F73B-48DF-BDFD-8BD557A04EFD}
		{549F6803-57A3-48C0-AED5-37A7D642FDBD} = {726F2FA6-A22D-4F5B-9917-A0AA7442914B}
		{F0B2F1BC-2A28-4725-8A6D-9D773039298F} = {726F2FA6-A22D-4F5B-9917-A0AA7442914B}
		{1C7178DD-E4F8-4AA9-9074-CAFB84DCD926} = {726F2FA6-A22D-4F5B-9917-A0AA7442914B}
		{360AF36F-C8E8-445B-B89B-E8576FC99173} = {726F2FA6-A22D-4F5B-9917-A0AA7442914B}
	EndGlobalSection
	GlobalSection(ExtensibilityGlobals) = postSolution
		SolutionGuid = {1A763ACB-C447-4C6D-ACE3-0CB9CA8D4CAE}
	EndGlobalSection
EndGlobal
