
Microsoft Visual Studio Solution File, Format Version 12.00
# Visual Studio Version 16
VisualStudioVersion = 16.0.29613.14
MinimumVisualStudioVersion = 10.0.40219.1
Project("{FAE04EC0-301F-11D3-BF4B-00C04F79EFBC}") = "CS20486.Tipos", "CS20486.Tipos\CS20486.Tipos.csproj", "{613D7443-EE51-4E4D-8D33-368D36F6B5D8}"
EndProject
Project("{FAE04EC0-301F-11D3-BF4B-00C04F79EFBC}") = "CS20486.ConsoleApp", "CS20486.ConsoleApp\CS20486.ConsoleApp.csproj", "{4D4A692B-4A12-4D2F-BD47-8FB55774BF94}"
EndProject
Project("{9A19103F-16F7-4668-BE54-9A1E7A4F7556}") = "CS20483.Aula2", "CS20486.Aula2\CS20483.Aula2.csproj", "{21081316-FB81-4CD0-9847-08BA8B68ED41}"
EndProject
Project("{9A19103F-16F7-4668-BE54-9A1E7A4F7556}") = "CS20483.Aula2.Exercicio1", "CS20483.Aula2.Exercicio1\CS20483.Aula2.Exercicio1.csproj", "{80FD6262-1392-483C-A462-9503266941B5}"
EndProject
Project("{FAE04EC0-301F-11D3-BF4B-00C04F79EFBC}") = "CS20483.Aula6", "Aula6\CS20483.Aula6.csproj", "{43C48BE7-FC43-482C-BE53-629814836756}"
EndProject
Global
	GlobalSection(SolutionConfigurationPlatforms) = preSolution
		Debug|Any CPU = Debug|Any CPU
		Release|Any CPU = Release|Any CPU
	EndGlobalSection
	GlobalSection(ProjectConfigurationPlatforms) = postSolution
		{613D7443-EE51-4E4D-8D33-368D36F6B5D8}.Debug|Any CPU.ActiveCfg = Debug|Any CPU
		{613D7443-EE51-4E4D-8D33-368D36F6B5D8}.Debug|Any CPU.Build.0 = Debug|Any CPU
		{613D7443-EE51-4E4D-8D33-368D36F6B5D8}.Release|Any CPU.ActiveCfg = Release|Any CPU
		{613D7443-EE51-4E4D-8D33-368D36F6B5D8}.Release|Any CPU.Build.0 = Release|Any CPU
		{4D4A692B-4A12-4D2F-BD47-8FB55774BF94}.Debug|Any CPU.ActiveCfg = Debug|Any CPU
		{4D4A692B-4A12-4D2F-BD47-8FB55774BF94}.Debug|Any CPU.Build.0 = Debug|Any CPU
		{4D4A692B-4A12-4D2F-BD47-8FB55774BF94}.Release|Any CPU.ActiveCfg = Release|Any CPU
		{4D4A692B-4A12-4D2F-BD47-8FB55774BF94}.Release|Any CPU.Build.0 = Release|Any CPU
		{21081316-FB81-4CD0-9847-08BA8B68ED41}.Debug|Any CPU.ActiveCfg = Debug|Any CPU
		{21081316-FB81-4CD0-9847-08BA8B68ED41}.Debug|Any CPU.Build.0 = Debug|Any CPU
		{21081316-FB81-4CD0-9847-08BA8B68ED41}.Release|Any CPU.ActiveCfg = Release|Any CPU
		{21081316-FB81-4CD0-9847-08BA8B68ED41}.Release|Any CPU.Build.0 = Release|Any CPU
		{80FD6262-1392-483C-A462-9503266941B5}.Debug|Any CPU.ActiveCfg = Debug|Any CPU
		{80FD6262-1392-483C-A462-9503266941B5}.Debug|Any CPU.Build.0 = Debug|Any CPU
		{80FD6262-1392-483C-A462-9503266941B5}.Release|Any CPU.ActiveCfg = Release|Any CPU
		{80FD6262-1392-483C-A462-9503266941B5}.Release|Any CPU.Build.0 = Release|Any CPU
		{43C48BE7-FC43-482C-BE53-629814836756}.Debug|Any CPU.ActiveCfg = Debug|Any CPU
		{43C48BE7-FC43-482C-BE53-629814836756}.Debug|Any CPU.Build.0 = Debug|Any CPU
		{43C48BE7-FC43-482C-BE53-629814836756}.Release|Any CPU.ActiveCfg = Release|Any CPU
		{43C48BE7-FC43-482C-BE53-629814836756}.Release|Any CPU.Build.0 = Release|Any CPU
	EndGlobalSection
	GlobalSection(SolutionProperties) = preSolution
		HideSolutionNode = FALSE
	EndGlobalSection
	GlobalSection(ExtensibilityGlobals) = postSolution
		SolutionGuid = {00AA9385-2D8A-4008-ACE6-DFEE2848E289}
	EndGlobalSection
EndGlobal
